
Microsoft Visual Studio Solution File, Format Version 12.00
# Visual Studio Version 17
VisualStudioVersion = 17.4.33213.308
MinimumVisualStudioVersion = 10.0.40219.1
Project("{FAE04EC0-301F-11D3-BF4B-00C04F79EFBC}") = "Amigos", "Amigos\Amigos.csproj", "{A2E24353-C2E7-4AFF-80BA-29DBE9E9429D}"
EndProject
Project("{FAE04EC0-301F-11D3-BF4B-00C04F79EFBC}") = "AmigosAPI", "AmigosAPI\AmigosAPI.csproj", "{D760A221-91C4-4EF7-B526-FC723CD2EA8A}"
EndProject
Global
	GlobalSection(SolutionConfigurationPlatforms) = preSolution
		Debug|Any CPU = Debug|Any CPU
		Release|Any CPU = Release|Any CPU
	EndGlobalSection
	GlobalSection(ProjectConfigurationPlatforms) = postSolution
		{A2E24353-C2E7-4AFF-80BA-29DBE9E9429D}.Debug|Any CPU.ActiveCfg = Debug|Any CPU
		{A2E24353-C2E7-4AFF-80BA-29DBE9E9429D}.Debug|Any CPU.Build.0 = Debug|Any CPU
		{A2E24353-C2E7-4AFF-80BA-29DBE9E9429D}.Release|Any CPU.ActiveCfg = Release|Any CPU
		{A2E24353-C2E7-4AFF-80BA-29DBE9E9429D}.Release|Any CPU.Build.0 = Release|Any CPU
		{D760A221-91C4-4EF7-B526-FC723CD2EA8A}.Debug|Any CPU.ActiveCfg = Debug|Any CPU
		{D760A221-91C4-4EF7-B526-FC723CD2EA8A}.Debug|Any CPU.Build.0 = Debug|Any CPU
		{D760A221-91C4-4EF7-B526-FC723CD2EA8A}.Release|Any CPU.ActiveCfg = Release|Any CPU
		{D760A221-91C4-4EF7-B526-FC723CD2EA8A}.Release|Any CPU.Build.0 = Release|Any CPU
	EndGlobalSection
	GlobalSection(SolutionProperties) = preSolution
		HideSolutionNode = FALSE
	EndGlobalSection
	GlobalSection(ExtensibilityGlobals) = postSolution
		SolutionGuid = {DCE3E4DF-FE2C-4728-8C12-B1714D267741}
	EndGlobalSection
EndGlobal
